
Microsoft Visual Studio Solution File, Format Version 12.00
# Visual Studio Version 16
VisualStudioVersion = 16.0.34114.132
MinimumVisualStudioVersion = 10.0.40219.1
Project("{FAE04EC0-301F-11D3-BF4B-00C04F79EFBC}") = "WindowsFormsApp2", "WindowsFormsApp2\WindowsFormsApp2.csproj", "{B87E2841-CED7-4275-B2A6-4FB51FC5AF1C}"
EndProject
Global
	GlobalSection(SolutionConfigurationPlatforms) = preSolution
		Debug|Any CPU = Debug|Any CPU
		Release|Any CPU = Release|Any CPU
	EndGlobalSection
	GlobalSection(ProjectConfigurationPlatforms) = postSolution
		{B87E2841-CED7-4275-B2A6-4FB51FC5AF1C}.Debug|Any CPU.ActiveCfg = Debug|Any CPU
		{B87E2841-CED7-4275-B2A6-4FB51FC5AF1C}.Debug|Any CPU.Build.0 = Debug|Any CPU
		{B87E2841-CED7-4275-B2A6-4FB51FC5AF1C}.Release|Any CPU.ActiveCfg = Release|Any CPU
		{B87E2841-CED7-4275-B2A6-4FB51FC5AF1C}.Release|Any CPU.Build.0 = Release|Any CPU
	EndGlobalSection
	GlobalSection(SolutionProperties) = preSolution
		HideSolutionNode = FALSE
	EndGlobalSection
	GlobalSection(ExtensibilityGlobals) = postSolution
		SolutionGuid = {4AA4774A-E13E-41C0-9B1C-B36225C65312}
	EndGlobalSection
EndGlobal
